
Microsoft Visual Studio Solution File, Format Version 12.00
# Visual Studio Version 17
VisualStudioVersion = 17.0.31912.275
MinimumVisualStudioVersion = 10.0.40219.1
Project("{2150E333-8FDC-42A3-9474-1A3956D46DE8}") = "src", "src", "{334C2411-9058-4819-89A1-68BBCCC50C58}"
EndProject
Project("{2150E333-8FDC-42A3-9474-1A3956D46DE8}") = "application", "application", "{E6AF2584-3F94-4524-B582-ED6C53809617}"
EndProject
Project("{2150E333-8FDC-42A3-9474-1A3956D46DE8}") = "core", "core", "{5B47203A-59DF-47CE-807D-F101D90B1955}"
EndProject
Project("{2150E333-8FDC-42A3-9474-1A3956D46DE8}") = "domain", "domain", "{95761877-E46D-471D-85DE-15FC1AF85DFF}"
EndProject
Project("{2150E333-8FDC-42A3-9474-1A3956D46DE8}") = "infrastructure", "infrastructure", "{7A6FC85F-B763-4CB8-9DB1-DAF39305F259}"
EndProject
Project("{2150E333-8FDC-42A3-9474-1A3956D46DE8}") = "persistence", "persistence", "{132931F9-E4CD-480C-81A6-12AD8027ADF4}"
EndProject
Project("{2150E333-8FDC-42A3-9474-1A3956D46DE8}") = "presentetaion", "presentetaion", "{354A8ACF-BB87-4CCF-8076-1A6E42D41952}"
EndProject
Project("{2150E333-8FDC-42A3-9474-1A3956D46DE8}") = "test", "test", "{4DA542D9-B23E-4E3C-8882-7421CCB90CD9}"
EndProject
Project("{2150E333-8FDC-42A3-9474-1A3956D46DE8}") = "application", "application", "{59985153-981B-477A-AB36-ECD4845DC3B8}"
EndProject
Project("{FAE04EC0-301F-11D3-BF4B-00C04F79EFBC}") = "AgileManagement.application", "AgileManagement.application\AgileManagement.application.csproj", "{625255FF-302F-438F-B9E1-45642E10622B}"
EndProject
Project("{FAE04EC0-301F-11D3-BF4B-00C04F79EFBC}") = "AgileManagement.Core", "AgileManagement.Core\AgileManagement.Core.csproj", "{283C9421-8B22-42B1-934B-7D4C2D3F4493}"
EndProject
Project("{FAE04EC0-301F-11D3-BF4B-00C04F79EFBC}") = "AgileManagement.Domain", "AgileManagement.Domain\AgileManagement.Domain.csproj", "{3F7D6DB6-14BB-4862-AFD8-D9EC9FB532B9}"
EndProject
Project("{FAE04EC0-301F-11D3-BF4B-00C04F79EFBC}") = "AgileManagement.Infrastructure", "AgileManagement.Infrastructure\AgileManagement.Infrastructure.csproj", "{A52BCFC8-3407-46C6-8DC5-0C2807E28F62}"
EndProject
Project("{2150E333-8FDC-42A3-9474-1A3956D46DE8}") = "EFCore", "EFCore", "{E9990FEA-8BB9-4AD4-B321-67D6FC8C1D91}"
EndProject
Project("{FAE04EC0-301F-11D3-BF4B-00C04F79EFBC}") = "ClassLibrary1", "ClassLibrary1\ClassLibrary1.csproj", "{FB59F045-8AD5-490D-B788-9475B70457A1}"
EndProject
Project("{2150E333-8FDC-42A3-9474-1A3956D46DE8}") = "webapi", "webapi", "{2A5F7D57-C26E-4988-BC7B-D3C97C647585}"
EndProject
Global
	GlobalSection(SolutionConfigurationPlatforms) = preSolution
		Debug|Any CPU = Debug|Any CPU
		Release|Any CPU = Release|Any CPU
	EndGlobalSection
	GlobalSection(ProjectConfigurationPlatforms) = postSolution
		{625255FF-302F-438F-B9E1-45642E10622B}.Debug|Any CPU.ActiveCfg = Debug|Any CPU
		{625255FF-302F-438F-B9E1-45642E10622B}.Debug|Any CPU.Build.0 = Debug|Any CPU
		{625255FF-302F-438F-B9E1-45642E10622B}.Release|Any CPU.ActiveCfg = Release|Any CPU
		{625255FF-302F-438F-B9E1-45642E10622B}.Release|Any CPU.Build.0 = Release|Any CPU
		{283C9421-8B22-42B1-934B-7D4C2D3F4493}.Debug|Any CPU.ActiveCfg = Debug|Any CPU
		{283C9421-8B22-42B1-934B-7D4C2D3F4493}.Debug|Any CPU.Build.0 = Debug|Any CPU
		{283C9421-8B22-42B1-934B-7D4C2D3F4493}.Release|Any CPU.ActiveCfg = Release|Any CPU
		{283C9421-8B22-42B1-934B-7D4C2D3F4493}.Release|Any CPU.Build.0 = Release|Any CPU
		{3F7D6DB6-14BB-4862-AFD8-D9EC9FB532B9}.Debug|Any CPU.ActiveCfg = Debug|Any CPU
		{3F7D6DB6-14BB-4862-AFD8-D9EC9FB532B9}.Debug|Any CPU.Build.0 = Debug|Any CPU
		{3F7D6DB6-14BB-4862-AFD8-D9EC9FB532B9}.Release|Any CPU.ActiveCfg = Release|Any CPU
		{3F7D6DB6-14BB-4862-AFD8-D9EC9FB532B9}.Release|Any CPU.Build.0 = Release|Any CPU
		{A52BCFC8-3407-46C6-8DC5-0C2807E28F62}.Debug|Any CPU.ActiveCfg = Debug|Any CPU
		{A52BCFC8-3407-46C6-8DC5-0C2807E28F62}.Debug|Any CPU.Build.0 = Debug|Any CPU
		{A52BCFC8-3407-46C6-8DC5-0C2807E28F62}.Release|Any CPU.ActiveCfg = Release|Any CPU
		{A52BCFC8-3407-46C6-8DC5-0C2807E28F62}.Release|Any CPU.Build.0 = Release|Any CPU
		{FB59F045-8AD5-490D-B788-9475B70457A1}.Debug|Any CPU.ActiveCfg = Debug|Any CPU
		{FB59F045-8AD5-490D-B788-9475B70457A1}.Debug|Any CPU.Build.0 = Debug|Any CPU
		{FB59F045-8AD5-490D-B788-9475B70457A1}.Release|Any CPU.ActiveCfg = Release|Any CPU
		{FB59F045-8AD5-490D-B788-9475B70457A1}.Release|Any CPU.Build.0 = Release|Any CPU
	EndGlobalSection
	GlobalSection(SolutionProperties) = preSolution
		HideSolutionNode = FALSE
	EndGlobalSection
	GlobalSection(NestedProjects) = preSolution
		{E6AF2584-3F94-4524-B582-ED6C53809617} = {334C2411-9058-4819-89A1-68BBCCC50C58}
		{5B47203A-59DF-47CE-807D-F101D90B1955} = {334C2411-9058-4819-89A1-68BBCCC50C58}
		{95761877-E46D-471D-85DE-15FC1AF85DFF} = {334C2411-9058-4819-89A1-68BBCCC50C58}
		{7A6FC85F-B763-4CB8-9DB1-DAF39305F259} = {334C2411-9058-4819-89A1-68BBCCC50C58}
		{132931F9-E4CD-480C-81A6-12AD8027ADF4} = {334C2411-9058-4819-89A1-68BBCCC50C58}
		{354A8ACF-BB87-4CCF-8076-1A6E42D41952} = {334C2411-9058-4819-89A1-68BBCCC50C58}
		{59985153-981B-477A-AB36-ECD4845DC3B8} = {4DA542D9-B23E-4E3C-8882-7421CCB90CD9}
		{625255FF-302F-438F-B9E1-45642E10622B} = {E6AF2584-3F94-4524-B582-ED6C53809617}
		{283C9421-8B22-42B1-934B-7D4C2D3F4493} = {5B47203A-59DF-47CE-807D-F101D90B1955}
		{3F7D6DB6-14BB-4862-AFD8-D9EC9FB532B9} = {95761877-E46D-471D-85DE-15FC1AF85DFF}
		{A52BCFC8-3407-46C6-8DC5-0C2807E28F62} = {7A6FC85F-B763-4CB8-9DB1-DAF39305F259}
		{E9990FEA-8BB9-4AD4-B321-67D6FC8C1D91} = {132931F9-E4CD-480C-81A6-12AD8027ADF4}
		{FB59F045-8AD5-490D-B788-9475B70457A1} = {E9990FEA-8BB9-4AD4-B321-67D6FC8C1D91}
		{2A5F7D57-C26E-4988-BC7B-D3C97C647585} = {354A8ACF-BB87-4CCF-8076-1A6E42D41952}
	EndGlobalSection
	GlobalSection(ExtensibilityGlobals) = postSolution
		SolutionGuid = {E9275211-92EB-44C7-9349-19C2FBA5D947}
	EndGlobalSection
EndGlobal
